
Microsoft Visual Studio Solution File, Format Version 12.00
# Visual Studio Version 16
VisualStudioVersion = 16.0.31911.196
MinimumVisualStudioVersion = 10.0.40219.1
Project("{FAE04EC0-301F-11D3-BF4B-00C04F79EFBC}") = "BetterClasses", "BetterClasses\BetterClasses.csproj", "{CB34FBCF-9B4A-4375-AB3B-4EFBCAA77AE4}"
EndProject
Project("{2150E333-8FDC-42A3-9474-1A3956D46DE8}") = "Solution Items", "Solution Items", "{D4D10810-0C40-4C1E-950A-58B03FD4329A}"
	ProjectSection(SolutionItems) = preProject
		README.md = README.md
	EndProjectSection
EndProject
Project("{2150E333-8FDC-42A3-9474-1A3956D46DE8}") = "BetterClasses", "BetterClasses", "{17F508AF-4588-4D93-B5EE-CABAD0CA696D}"
EndProject
Global
	GlobalSection(SolutionConfigurationPlatforms) = preSolution
		Debug|Any CPU = Debug|Any CPU
		Release|Any CPU = Release|Any CPU
		Description = Phoenix Rising Mod
	EndGlobalSection
	GlobalSection(ProjectConfigurationPlatforms) = postSolution
		{CB34FBCF-9B4A-4375-AB3B-4EFBCAA77AE4}.Debug|Any CPU.ActiveCfg = Debug|Any CPU
		{CB34FBCF-9B4A-4375-AB3B-4EFBCAA77AE4}.Debug|Any CPU.Build.0 = Debug|Any CPU
		{CB34FBCF-9B4A-4375-AB3B-4EFBCAA77AE4}.Release|Any CPU.ActiveCfg = Release|Any CPU
		{CB34FBCF-9B4A-4375-AB3B-4EFBCAA77AE4}.Release|Any CPU.Build.0 = Release|Any CPU
	EndGlobalSection
	GlobalSection(SolutionProperties) = preSolution
		HideSolutionNode = FALSE
	EndGlobalSection
	GlobalSection(NestedProjects) = preSolution
		{CB34FBCF-9B4A-4375-AB3B-4EFBCAA77AE4} = {17F508AF-4588-4D93-B5EE-CABAD0CA696D}
	EndGlobalSection
	GlobalSection(ExtensibilityGlobals) = postSolution
		SolutionGuid = {F18ABDCC-CE90-4B04-B52B-03211A413BAF}
	EndGlobalSection
EndGlobal
